version = 1
revision = 3
requires-python = ">=3.14"

[[package]]
name = "narwhals"
version = "2.10.2"
source = { registry = "https://pypi.org/simple" }
sdist = { url = "https://files.pythonhosted.org/packages/c5/dc/8db74daf8c2690ec696c1d772a33cc01511559ee8a9e92d7ed85a18e3c22/narwhals-2.10.2.tar.gz", hash = "sha256:ff738a08bc993cbb792266bec15346c1d85cc68fdfe82a23283c3713f78bd354", size = 584954, upload-time = "2025-11-04T16:36:42.281Z" }
wheels = [
    { url = "https://files.pythonhosted.org/packages/47/a9/9e02fa97e421a355fc5e818e9c488080fce04a8e0eebb3ed75a84f041c4a/narwhals-2.10.2-py3-none-any.whl", hash = "sha256:059cd5c6751161b97baedcaf17a514c972af6a70f36a89af17de1a0caf519c43", size = 419573, upload-time = "2025-11-04T16:36:40.574Z" },
]

[[package]]
name = "packaging"
version = "25.0"
source = { registry = "https://pypi.org/simple" }
sdist = { url = "https://files.pythonhosted.org/packages/a1/d4/1fc4078c65507b51b96ca8f8c3ba19e6a61c8253c72794544580a7b6c24d/packaging-25.0.tar.gz", hash = "sha256:d443872c98d677bf60f6a1f2f8c1cb748e8fe762d2bf9d3148b5599295b0fc4f", size = 165727, upload-time = "2025-04-19T11:48:59.673Z" }
wheels = [
    { url = "https://files.pythonhosted.org/packages/20/12/38679034af332785aac8774540895e234f4d07f7545804097de4b666afd8/packaging-25.0-py3-none-any.whl", hash = "sha256:29572ef2b1f17581046b3a2227d5c611fb25ec70ca1ba8554b24b0e69331a484", size = 66469, upload-time = "2025-04-19T11:48:57.875Z" },
]

[[package]]
name = "plotly"
version = "6.4.0"
source = { registry = "https://pypi.org/simple" }
dependencies = [
    { name = "narwhals" },
    { name = "packaging" },
]
sdist = { url = "https://files.pythonhosted.org/packages/06/e6/b768650072837505804bed4790c5449ba348a3b720e27ca7605414e998cd/plotly-6.4.0.tar.gz", hash = "sha256:68c6db2ed2180289ef978f087841148b7efda687552276da15a6e9b92107052a", size = 7012379, upload-time = "2025-11-04T17:59:26.45Z" }
wheels = [
    { url = "https://files.pythonhosted.org/packages/78/ae/89b45ccccfeebc464c9233de5675990f75241b8ee4cd63227800fdf577d1/plotly-6.4.0-py3-none-any.whl", hash = "sha256:a1062eafbdc657976c2eedd276c90e184ccd6c21282a5e9ee8f20efca9c9a4c5", size = 9892458, upload-time = "2025-11-04T17:59:22.622Z" },
]

[[package]]
name = "sofia"
version = "0.1.0"
source = { virtual = "." }
dependencies = [
    { name = "plotly" },
]

[package.metadata]
requires-dist = [{ name = "plotly", specifier = ">=6.4.0" }]
